// !$*UTF8*$!
{
	archiveVersion = 1;
	classes = {
	};
	objectVersion = 56;
	objects = {

/* Begin PBXBuildFile section */
		D91F90C62C0A6891009F7306 /* FizzixApp.swift in Sources */ = {isa = PBXBuildFile; fileRef = D91F90C52C0A6891009F7306 /* FizzixApp.swift */; };
		D91F90C82C0A6891009F7306 /* ContentView.swift in Sources */ = {isa = PBXBuildFile; fileRef = D91F90C72C0A6891009F7306 /* ContentView.swift */; };
		D91F90CA2C0A6893009F7306 /* Assets.xcassets in Resources */ = {isa = PBXBuildFile; fileRef = D91F90C92C0A6893009F7306 /* Assets.xcassets */; };
		D91F90CD2C0A6893009F7306 /* Preview Assets.xcassets in Resources */ = {isa = PBXBuildFile; fileRef = D91F90CC2C0A6893009F7306 /* Preview Assets.xcassets */; };
		D9389BF12C0BB07B008DBCC1 /* GameScene1.swift in Sources */ = {isa = PBXBuildFile; fileRef = D9389BF02C0BB07B008DBCC1 /* GameScene1.swift */; };
		D9389BF32C0BB0B9008DBCC1 /* GameScene2.swift in Sources */ = {isa = PBXBuildFile; fileRef = D9389BF22C0BB0B9008DBCC1 /* GameScene2.swift */; };
		D9389BF52C0BB0F3008DBCC1 /* GameScene2Phone.swift in Sources */ = {isa = PBXBuildFile; fileRef = D9389BF42C0BB0F3008DBCC1 /* GameScene2Phone.swift */; };
		D9389BF72C0BB149008DBCC1 /* GameScene3.swift in Sources */ = {isa = PBXBuildFile; fileRef = D9389BF62C0BB149008DBCC1 /* GameScene3.swift */; };
		D9E63FB22C0A6CEB00242310 /* RoundedCross.swift in Sources */ = {isa = PBXBuildFile; fileRef = D9E63FB12C0A6CEB00242310 /* RoundedCross.swift */; };
		D9E63FB42C0A6D0400242310 /* SlimRectangle.swift in Sources */ = {isa = PBXBuildFile; fileRef = D9E63FB32C0A6D0400242310 /* SlimRectangle.swift */; };
		D9E63FB72C0A6D1700242310 /* Triangle.swift in Sources */ = {isa = PBXBuildFile; fileRef = D9E63FB62C0A6D1700242310 /* Triangle.swift */; };
		D9E63FB92C0A6D3300242310 /* ConfettiSwiftUI.swift in Sources */ = {isa = PBXBuildFile; fileRef = D9E63FB82C0A6D3300242310 /* ConfettiSwiftUI.swift */; };
		D9E63FBB2C0A6D5000242310 /* View+ConfettiCanon.swift in Sources */ = {isa = PBXBuildFile; fileRef = D9E63FBA2C0A6D5000242310 /* View+ConfettiCanon.swift */; };
		D9E63FBE2C0A6DF000242310 /* Law1.swift in Sources */ = {isa = PBXBuildFile; fileRef = D9E63FBD2C0A6DF000242310 /* Law1.swift */; };
		D9E63FC02C0A6E1100242310 /* Law2.swift in Sources */ = {isa = PBXBuildFile; fileRef = D9E63FBF2C0A6E1100242310 /* Law2.swift */; };
		D9E63FC22C0A6E1D00242310 /* Law3.swift in Sources */ = {isa = PBXBuildFile; fileRef = D9E63FC12C0A6E1D00242310 /* Law3.swift */; };
		D9E63FC42C0A6E3000242310 /* NewtonsCradle.swift in Sources */ = {isa = PBXBuildFile; fileRef = D9E63FC32C0A6E3000242310 /* NewtonsCradle.swift */; };
		D9E63FC72C0A6E8200242310 /* Credits.swift in Sources */ = {isa = PBXBuildFile; fileRef = D9E63FC62C0A6E8200242310 /* Credits.swift */; };
		D9E63FC92C0A6E9600242310 /* HomeView.swift in Sources */ = {isa = PBXBuildFile; fileRef = D9E63FC82C0A6E9600242310 /* HomeView.swift */; };
		D9E63FCB2C0A6EB200242310 /* PickLawOfMotionView.swift in Sources */ = {isa = PBXBuildFile; fileRef = D9E63FCA2C0A6EB100242310 /* PickLawOfMotionView.swift */; };
		D9E63FCD2C0A6EC000242310 /* QuizView.swift in Sources */ = {isa = PBXBuildFile; fileRef = D9E63FCC2C0A6EC000242310 /* QuizView.swift */; };
		D9E63FCF2C0A6EEB00242310 /* PlaySound.swift in Sources */ = {isa = PBXBuildFile; fileRef = D9E63FCE2C0A6EEB00242310 /* PlaySound.swift */; };
		D9E63FD32C0A712E00242310 /* KleeOne-Regular.ttf in Resources */ = {isa = PBXBuildFile; fileRef = D9E63FD22C0A712E00242310 /* KleeOne-Regular.ttf */; };
		D9E63FD52C0A713700242310 /* RubikDoodleShadow-Regular.ttf in Resources */ = {isa = PBXBuildFile; fileRef = D9E63FD42C0A713700242310 /* RubikDoodleShadow-Regular.ttf */; };
		D9E63FD72C0A714300242310 /* bgmusic.mp3 in Resources */ = {isa = PBXBuildFile; fileRef = D9E63FD62C0A714300242310 /* bgmusic.mp3 */; };
/* End PBXBuildFile section */

/* Begin PBXFileReference section */
		D91F90C22C0A6891009F7306 /* Fizzix.app */ = {isa = PBXFileReference; explicitFileType = wrapper.application; includeInIndex = 0; path = Fizzix.app; sourceTree = BUILT_PRODUCTS_DIR; };
		D91F90C52C0A6891009F7306 /* FizzixApp.swift */ = {isa = PBXFileReference; lastKnownFileType = sourcecode.swift; path = FizzixApp.swift; sourceTree = "<group>"; };
		D91F90C72C0A6891009F7306 /* ContentView.swift */ = {isa = PBXFileReference; lastKnownFileType = sourcecode.swift; path = ContentView.swift; sourceTree = "<group>"; };
		D91F90C92C0A6893009F7306 /* Assets.xcassets */ = {isa = PBXFileReference; lastKnownFileType = folder.assetcatalog; path = Assets.xcassets; sourceTree = "<group>"; };
		D91F90CC2C0A6893009F7306 /* Preview Assets.xcassets */ = {isa = PBXFileReference; lastKnownFileType = folder.assetcatalog; path = "Preview Assets.xcassets"; sourceTree = "<group>"; };
		D9389BF02C0BB07B008DBCC1 /* GameScene1.swift */ = {isa = PBXFileReference; lastKnownFileType = sourcecode.swift; path = GameScene1.swift; sourceTree = "<group>"; };
		D9389BF22C0BB0B9008DBCC1 /* GameScene2.swift */ = {isa = PBXFileReference; lastKnownFileType = sourcecode.swift; path = GameScene2.swift; sourceTree = "<group>"; };
		D9389BF42C0BB0F3008DBCC1 /* GameScene2Phone.swift */ = {isa = PBXFileReference; lastKnownFileType = sourcecode.swift; path = GameScene2Phone.swift; sourceTree = "<group>"; };
		D9389BF62C0BB149008DBCC1 /* GameScene3.swift */ = {isa = PBXFileReference; lastKnownFileType = sourcecode.swift; path = GameScene3.swift; sourceTree = "<group>"; };
		D9E63FB12C0A6CEB00242310 /* RoundedCross.swift */ = {isa = PBXFileReference; lastKnownFileType = sourcecode.swift; path = RoundedCross.swift; sourceTree = "<group>"; };
		D9E63FB32C0A6D0400242310 /* SlimRectangle.swift */ = {isa = PBXFileReference; lastKnownFileType = sourcecode.swift; path = SlimRectangle.swift; sourceTree = "<group>"; };
		D9E63FB62C0A6D1700242310 /* Triangle.swift */ = {isa = PBXFileReference; lastKnownFileType = sourcecode.swift; path = Triangle.swift; sourceTree = "<group>"; };
		D9E63FB82C0A6D3300242310 /* ConfettiSwiftUI.swift */ = {isa = PBXFileReference; lastKnownFileType = sourcecode.swift; path = ConfettiSwiftUI.swift; sourceTree = "<group>"; };
		D9E63FBA2C0A6D5000242310 /* View+ConfettiCanon.swift */ = {isa = PBXFileReference; lastKnownFileType = sourcecode.swift; path = "View+ConfettiCanon.swift"; sourceTree = "<group>"; };
		D9E63FBD2C0A6DF000242310 /* Law1.swift */ = {isa = PBXFileReference; lastKnownFileType = sourcecode.swift; path = Law1.swift; sourceTree = "<group>"; };
		D9E63FBF2C0A6E1100242310 /* Law2.swift */ = {isa = PBXFileReference; lastKnownFileType = sourcecode.swift; path = Law2.swift; sourceTree = "<group>"; };
		D9E63FC12C0A6E1D00242310 /* Law3.swift */ = {isa = PBXFileReference; lastKnownFileType = sourcecode.swift; path = Law3.swift; sourceTree = "<group>"; };
		D9E63FC32C0A6E3000242310 /* NewtonsCradle.swift */ = {isa = PBXFileReference; lastKnownFileType = sourcecode.swift; path = NewtonsCradle.swift; sourceTree = "<group>"; };
		D9E63FC62C0A6E8200242310 /* Credits.swift */ = {isa = PBXFileReference; lastKnownFileType = sourcecode.swift; path = Credits.swift; sourceTree = "<group>"; };
		D9E63FC82C0A6E9600242310 /* HomeView.swift */ = {isa = PBXFileReference; lastKnownFileType = sourcecode.swift; path = HomeView.swift; sourceTree = "<group>"; };
		D9E63FCA2C0A6EB100242310 /* PickLawOfMotionView.swift */ = {isa = PBXFileReference; lastKnownFileType = sourcecode.swift; path = PickLawOfMotionView.swift; sourceTree = "<group>"; };
		D9E63FCC2C0A6EC000242310 /* QuizView.swift */ = {isa = PBXFileReference; lastKnownFileType = sourcecode.swift; path = QuizView.swift; sourceTree = "<group>"; };
		D9E63FCE2C0A6EEB00242310 /* PlaySound.swift */ = {isa = PBXFileReference; lastKnownFileType = sourcecode.swift; path = PlaySound.swift; sourceTree = "<group>"; };
		D9E63FD22C0A712E00242310 /* KleeOne-Regular.ttf */ = {isa = PBXFileReference; lastKnownFileType = file; path = "KleeOne-Regular.ttf"; sourceTree = "<group>"; };
		D9E63FD42C0A713700242310 /* RubikDoodleShadow-Regular.ttf */ = {isa = PBXFileReference; lastKnownFileType = file; path = "RubikDoodleShadow-Regular.ttf"; sourceTree = "<group>"; };
		D9E63FD62C0A714300242310 /* bgmusic.mp3 */ = {isa = PBXFileReference; lastKnownFileType = audio.mp3; path = bgmusic.mp3; sourceTree = "<group>"; };
/* End PBXFileReference section */

/* Begin PBXFrameworksBuildPhase section */
		D91F90BF2C0A6891009F7306 /* Frameworks */ = {
			isa = PBXFrameworksBuildPhase;
			buildActionMask = 2147483647;
			files = (
			);
			runOnlyForDeploymentPostprocessing = 0;
		};
/* End PBXFrameworksBuildPhase section */

/* Begin PBXGroup section */
		D91F90B92C0A6891009F7306 = {
			isa = PBXGroup;
			children = (
				D91F90C42C0A6891009F7306 /* Fizzix */,
				D91F90C32C0A6891009F7306 /* Products */,
			);
			sourceTree = "<group>";
		};
		D91F90C32C0A6891009F7306 /* Products */ = {
			isa = PBXGroup;
			children = (
				D91F90C22C0A6891009F7306 /* Fizzix.app */,
			);
			name = Products;
			sourceTree = "<group>";
		};
		D91F90C42C0A6891009F7306 /* Fizzix */ = {
			isa = PBXGroup;
			children = (
				D9389BEF2C0BB057008DBCC1 /* GameScenes */,
				D9E63FC52C0A6E7500242310 /* Views */,
				D9E63FBC2C0A6D6400242310 /* LawView */,
				D9E63FAF2C0A6CAA00242310 /* Confetti */,
				D91F90C52C0A6891009F7306 /* FizzixApp.swift */,
				D91F90C72C0A6891009F7306 /* ContentView.swift */,
				D9E63FCE2C0A6EEB00242310 /* PlaySound.swift */,
				D91F90C92C0A6893009F7306 /* Assets.xcassets */,
				D9E63FD42C0A713700242310 /* RubikDoodleShadow-Regular.ttf */,
				D9E63FD62C0A714300242310 /* bgmusic.mp3 */,
				D9E63FD22C0A712E00242310 /* KleeOne-Regular.ttf */,
				D91F90CB2C0A6893009F7306 /* Preview Content */,
			);
			path = Fizzix;
			sourceTree = "<group>";
		};
		D91F90CB2C0A6893009F7306 /* Preview Content */ = {
			isa = PBXGroup;
			children = (
				D91F90CC2C0A6893009F7306 /* Preview Assets.xcassets */,
			);
			path = "Preview Content";
			sourceTree = "<group>";
		};
		D9389BEF2C0BB057008DBCC1 /* GameScenes */ = {
			isa = PBXGroup;
			children = (
				D9389BF02C0BB07B008DBCC1 /* GameScene1.swift */,
				D9389BF22C0BB0B9008DBCC1 /* GameScene2.swift */,
				D9389BF42C0BB0F3008DBCC1 /* GameScene2Phone.swift */,
				D9389BF62C0BB149008DBCC1 /* GameScene3.swift */,
			);
			path = GameScenes;
			sourceTree = "<group>";
		};
		D9E63FAF2C0A6CAA00242310 /* Confetti */ = {
			isa = PBXGroup;
			children = (
				D9E63FB02C0A6CDC00242310 /* Shapes */,
				D9E63FB82C0A6D3300242310 /* ConfettiSwiftUI.swift */,
				D9E63FBA2C0A6D5000242310 /* View+ConfettiCanon.swift */,
			);
			path = Confetti;
			sourceTree = "<group>";
		};
		D9E63FB02C0A6CDC00242310 /* Shapes */ = {
			isa = PBXGroup;
			children = (
				D9E63FB12C0A6CEB00242310 /* RoundedCross.swift */,
				D9E63FB32C0A6D0400242310 /* SlimRectangle.swift */,
				D9E63FB62C0A6D1700242310 /* Triangle.swift */,
			);
			path = Shapes;
			sourceTree = "<group>";
		};
		D9E63FBC2C0A6D6400242310 /* LawView */ = {
			isa = PBXGroup;
			children = (
				D9E63FBD2C0A6DF000242310 /* Law1.swift */,
				D9E63FBF2C0A6E1100242310 /* Law2.swift */,
				D9E63FC12C0A6E1D00242310 /* Law3.swift */,
				D9E63FC32C0A6E3000242310 /* NewtonsCradle.swift */,
			);
			path = LawView;
			sourceTree = "<group>";
		};
		D9E63FC52C0A6E7500242310 /* Views */ = {
			isa = PBXGroup;
			children = (
				D9E63FC62C0A6E8200242310 /* Credits.swift */,
				D9E63FC82C0A6E9600242310 /* HomeView.swift */,
				D9E63FCA2C0A6EB100242310 /* PickLawOfMotionView.swift */,
				D9E63FCC2C0A6EC000242310 /* QuizView.swift */,
			);
			path = Views;
			sourceTree = "<group>";
		};
/* End PBXGroup section */

/* Begin PBXNativeTarget section */
		D91F90C12C0A6891009F7306 /* Fizzix */ = {
			isa = PBXNativeTarget;
			buildConfigurationList = D91F90D02C0A6893009F7306 /* Build configuration list for PBXNativeTarget "Fizzix" */;
			buildPhases = (
				D91F90BE2C0A6891009F7306 /* Sources */,
				D91F90BF2C0A6891009F7306 /* Frameworks */,
				D91F90C02C0A6891009F7306 /* Resources */,
			);
			buildRules = (
			);
			dependencies = (
			);
			name = Fizzix;
			productName = Fizzix;
			productReference = D91F90C22C0A6891009F7306 /* Fizzix.app */;
			productType = "com.apple.product-type.application";
		};
/* End PBXNativeTarget section */

/* Begin PBXProject section */
		D91F90BA2C0A6891009F7306 /* Project object */ = {
			isa = PBXProject;
			attributes = {
				BuildIndependentTargetsInParallel = 1;
				LastSwiftUpdateCheck = 1540;
				LastUpgradeCheck = 1540;
				TargetAttributes = {
					D91F90C12C0A6891009F7306 = {
						CreatedOnToolsVersion = 15.4;
					};
				};
			};
			buildConfigurationList = D91F90BD2C0A6891009F7306 /* Build configuration list for PBXProject "Fizzix" */;
			compatibilityVersion = "Xcode 14.0";
			developmentRegion = en;
			hasScannedForEncodings = 0;
			knownRegions = (
				en,
				Base,
			);
			mainGroup = D91F90B92C0A6891009F7306;
			productRefGroup = D91F90C32C0A6891009F7306 /* Products */;
			projectDirPath = "";
			projectRoot = "";
			targets = (
				D91F90C12C0A6891009F7306 /* Fizzix */,
			);
		};
/* End PBXProject section */

/* Begin PBXResourcesBuildPhase section */
		D91F90C02C0A6891009F7306 /* Resources */ = {
			isa = PBXResourcesBuildPhase;
			buildActionMask = 2147483647;
			files = (
				D9E63FD72C0A714300242310 /* bgmusic.mp3 in Resources */,
				D91F90CD2C0A6893009F7306 /* Preview Assets.xcassets in Resources */,
				D9E63FD32C0A712E00242310 /* KleeOne-Regular.ttf in Resources */,
				D9E63FD52C0A713700242310 /* RubikDoodleShadow-Regular.ttf in Resources */,
				D91F90CA2C0A6893009F7306 /* Assets.xcassets in Resources */,
			);
			runOnlyForDeploymentPostprocessing = 0;
		};
/* End PBXResourcesBuildPhase section */

/* Begin PBXSourcesBuildPhase section */
		D91F90BE2C0A6891009F7306 /* Sources */ = {
			isa = PBXSourcesBuildPhase;
			buildActionMask = 2147483647;
			files = (
				D9E63FB42C0A6D0400242310 /* SlimRectangle.swift in Sources */,
				D91F90C82C0A6891009F7306 /* ContentView.swift in Sources */,
				D9E63FCD2C0A6EC000242310 /* QuizView.swift in Sources */,
				D9389BF32C0BB0B9008DBCC1 /* GameScene2.swift in Sources */,
				D9E63FC92C0A6E9600242310 /* HomeView.swift in Sources */,
				D9E63FBE2C0A6DF000242310 /* Law1.swift in Sources */,
				D9389BF52C0BB0F3008DBCC1 /* GameScene2Phone.swift in Sources */,
				D9E63FB72C0A6D1700242310 /* Triangle.swift in Sources */,
				D9389BF12C0BB07B008DBCC1 /* GameScene1.swift in Sources */,
				D9E63FC22C0A6E1D00242310 /* Law3.swift in Sources */,
				D9E63FC42C0A6E3000242310 /* NewtonsCradle.swift in Sources */,
				D9E63FBB2C0A6D5000242310 /* View+ConfettiCanon.swift in Sources */,
				D9E63FCF2C0A6EEB00242310 /* PlaySound.swift in Sources */,
				D9E63FB22C0A6CEB00242310 /* RoundedCross.swift in Sources */,
				D91F90C62C0A6891009F7306 /* FizzixApp.swift in Sources */,
				D9E63FC02C0A6E1100242310 /* Law2.swift in Sources */,
				D9E63FC72C0A6E8200242310 /* Credits.swift in Sources */,
				D9E63FB92C0A6D3300242310 /* ConfettiSwiftUI.swift in Sources */,
				D9389BF72C0BB149008DBCC1 /* GameScene3.swift in Sources */,
				D9E63FCB2C0A6EB200242310 /* PickLawOfMotionView.swift in Sources */,
			);
			runOnlyForDeploymentPostprocessing = 0;
		};
/* End PBXSourcesBuildPhase section */

/* Begin XCBuildConfiguration section */
		D91F90CE2C0A6893009F7306 /* Debug */ = {
			isa = XCBuildConfiguration;
			buildSettings = {
				ALWAYS_SEARCH_USER_PATHS = NO;
				ASSETCATALOG_COMPILER_GENERATE_SWIFT_ASSET_SYMBOL_EXTENSIONS = YES;
				CLANG_ANALYZER_NONNULL = YES;
				CLANG_ANALYZER_NUMBER_OBJECT_CONVERSION = YES_AGGRESSIVE;
				CLANG_CXX_LANGUAGE_STANDARD = "gnu++20";
				CLANG_ENABLE_MODULES = YES;
				CLANG_ENABLE_OBJC_ARC = YES;
				CLANG_ENABLE_OBJC_WEAK = YES;
				CLANG_WARN_BLOCK_CAPTURE_AUTORELEASING = YES;
				CLANG_WARN_BOOL_CONVERSION = YES;
				CLANG_WARN_COMMA = YES;
				CLANG_WARN_CONSTANT_CONVERSION = YES;
				CLANG_WARN_DEPRECATED_OBJC_IMPLEMENTATIONS = YES;
				CLANG_WARN_DIRECT_OBJC_ISA_USAGE = YES_ERROR;
				CLANG_WARN_DOCUMENTATION_COMMENTS = YES;
				CLANG_WARN_EMPTY_BODY = YES;
				CLANG_WARN_ENUM_CONVERSION = YES;
				CLANG_WARN_INFINITE_RECURSION = YES;
				CLANG_WARN_INT_CONVERSION = YES;
				CLANG_WARN_NON_LITERAL_NULL_CONVERSION = YES;
				CLANG_WARN_OBJC_IMPLICIT_RETAIN_SELF = YES;
				CLANG_WARN_OBJC_LITERAL_CONVERSION = YES;
				CLANG_WARN_OBJC_ROOT_CLASS = YES_ERROR;
				CLANG_WARN_QUOTED_INCLUDE_IN_FRAMEWORK_HEADER = YES;
				CLANG_WARN_RANGE_LOOP_ANALYSIS = YES;
				CLANG_WARN_STRICT_PROTOTYPES = YES;
				CLANG_WARN_SUSPICIOUS_MOVE = YES;
				CLANG_WARN_UNGUARDED_AVAILABILITY = YES_AGGRESSIVE;
				CLANG_WARN_UNREACHABLE_CODE = YES;
				CLANG_WARN__DUPLICATE_METHOD_MATCH = YES;
				COPY_PHASE_STRIP = NO;
				DEBUG_INFORMATION_FORMAT = dwarf;
				ENABLE_STRICT_OBJC_MSGSEND = YES;
				ENABLE_TESTABILITY = YES;
				ENABLE_USER_SCRIPT_SANDBOXING = YES;
				GCC_C_LANGUAGE_STANDARD = gnu17;
				GCC_DYNAMIC_NO_PIC = NO;
				GCC_NO_COMMON_BLOCKS = YES;
				GCC_OPTIMIZATION_LEVEL = 0;
				GCC_PREPROCESSOR_DEFINITIONS = (
					"DEBUG=1",
					"$(inherited)",
				);
				GCC_WARN_64_TO_32_BIT_CONVERSION = YES;
				GCC_WARN_ABOUT_RETURN_TYPE = YES_ERROR;
				GCC_WARN_UNDECLARED_SELECTOR = YES;
				GCC_WARN_UNINITIALIZED_AUTOS = YES_AGGRESSIVE;
				GCC_WARN_UNUSED_FUNCTION = YES;
				GCC_WARN_UNUSED_VARIABLE = YES;
				IPHONEOS_DEPLOYMENT_TARGET = 17.0;
				LOCALIZATION_PREFERS_STRING_CATALOGS = YES;
				MTL_ENABLE_DEBUG_INFO = INCLUDE_SOURCE;
				MTL_FAST_MATH = YES;
				ONLY_ACTIVE_ARCH = YES;
				SDKROOT = iphoneos;
				SWIFT_ACTIVE_COMPILATION_CONDITIONS = "DEBUG $(inherited)";
				SWIFT_OPTIMIZATION_LEVEL = "-Onone";
			};
			name = Debug;
		};
		D91F90CF2C0A6893009F7306 /* Release */ = {
			isa = XCBuildConfiguration;
			buildSettings = {
				ALWAYS_SEARCH_USER_PATHS = NO;
				ASSETCATALOG_COMPILER_GENERATE_SWIFT_ASSET_SYMBOL_EXTENSIONS = YES;
				CLANG_ANALYZER_NONNULL = YES;
				CLANG_ANALYZER_NUMBER_OBJECT_CONVERSION = YES_AGGRESSIVE;
				CLANG_CXX_LANGUAGE_STANDARD = "gnu++20";
				CLANG_ENABLE_MODULES = YES;
				CLANG_ENABLE_OBJC_ARC = YES;
				CLANG_ENABLE_OBJC_WEAK = YES;
				CLANG_WARN_BLOCK_CAPTURE_AUTORELEASING = YES;
				CLANG_WARN_BOOL_CONVERSION = YES;
				CLANG_WARN_COMMA = YES;
				CLANG_WARN_CONSTANT_CONVERSION = YES;
				CLANG_WARN_DEPRECATED_OBJC_IMPLEMENTATIONS = YES;
				CLANG_WARN_DIRECT_OBJC_ISA_USAGE = YES_ERROR;
				CLANG_WARN_DOCUMENTATION_COMMENTS = YES;
				CLANG_WARN_EMPTY_BODY = YES;
				CLANG_WARN_ENUM_CONVERSION = YES;
				CLANG_WARN_INFINITE_RECURSION = YES;
				CLANG_WARN_INT_CONVERSION = YES;
				CLANG_WARN_NON_LITERAL_NULL_CONVERSION = YES;
				CLANG_WARN_OBJC_IMPLICIT_RETAIN_SELF = YES;
				CLANG_WARN_OBJC_LITERAL_CONVERSION = YES;
				CLANG_WARN_OBJC_ROOT_CLASS = YES_ERROR;
				CLANG_WARN_QUOTED_INCLUDE_IN_FRAMEWORK_HEADER = YES;
				CLANG_WARN_RANGE_LOOP_ANALYSIS = YES;
				CLANG_WARN_STRICT_PROTOTYPES = YES;
				CLANG_WARN_SUSPICIOUS_MOVE = YES;
				CLANG_WARN_UNGUARDED_AVAILABILITY = YES_AGGRESSIVE;
				CLANG_WARN_UNREACHABLE_CODE = YES;
				CLANG_WARN__DUPLICATE_METHOD_MATCH = YES;
				COPY_PHASE_STRIP = NO;
				DEBUG_INFORMATION_FORMAT = "dwarf-with-dsym";
				ENABLE_NS_ASSERTIONS = NO;
				ENABLE_STRICT_OBJC_MSGSEND = YES;
				ENABLE_USER_SCRIPT_SANDBOXING = YES;
				GCC_C_LANGUAGE_STANDARD = gnu17;
				GCC_NO_COMMON_BLOCKS = YES;
				GCC_WARN_64_TO_32_BIT_CONVERSION = YES;
				GCC_WARN_ABOUT_RETURN_TYPE = YES_ERROR;
				GCC_WARN_UNDECLARED_SELECTOR = YES;
				GCC_WARN_UNINITIALIZED_AUTOS = YES_AGGRESSIVE;
				GCC_WARN_UNUSED_FUNCTION = YES;
				GCC_WARN_UNUSED_VARIABLE = YES;
				IPHONEOS_DEPLOYMENT_TARGET = 17.0;
				LOCALIZATION_PREFERS_STRING_CATALOGS = YES;
				MTL_ENABLE_DEBUG_INFO = NO;
				MTL_FAST_MATH = YES;
				SDKROOT = iphoneos;
				SWIFT_COMPILATION_MODE = wholemodule;
				VALIDATE_PRODUCT = YES;
			};
			name = Release;
		};
		D91F90D12C0A6893009F7306 /* Debug */ = {
			isa = XCBuildConfiguration;
			buildSettings = {
				ASSETCATALOG_COMPILER_APPICON_NAME = AppIcon;
				ASSETCATALOG_COMPILER_GLOBAL_ACCENT_COLOR_NAME = AccentColor;
				CODE_SIGN_STYLE = Automatic;
				CURRENT_PROJECT_VERSION = 1;
				DEVELOPMENT_ASSET_PATHS = "\"Fizzix/Preview Content\"";
				DEVELOPMENT_TEAM = M542AQBJC5;
				ENABLE_PREVIEWS = YES;
				GENERATE_INFOPLIST_FILE = YES;
				INFOPLIST_KEY_CFBundleDisplayName = Fizzix;
				INFOPLIST_KEY_LSApplicationCategoryType = "public.app-category.education";
				INFOPLIST_KEY_UIApplicationSceneManifest_Generation = YES;
				INFOPLIST_KEY_UIApplicationSupportsIndirectInputEvents = YES;
				INFOPLIST_KEY_UILaunchScreen_Generation = YES;
				INFOPLIST_KEY_UISupportedInterfaceOrientations = "UIInterfaceOrientationLandscapeLeft UIInterfaceOrientationLandscapeRight UIInterfaceOrientationPortraitUpsideDown UIInterfaceOrientationPortrait";
				INFOPLIST_KEY_UISupportedInterfaceOrientations_iPad = "UIInterfaceOrientationLandscapeLeft UIInterfaceOrientationLandscapeRight UIInterfaceOrientationPortrait UIInterfaceOrientationPortraitUpsideDown";
				LD_RUNPATH_SEARCH_PATHS = (
					"$(inherited)",
					"@executable_path/Frameworks",
				);
				MARKETING_VERSION = 1.0;
				PRODUCT_BUNDLE_IDENTIFIER = com.shauryagupta.FizzixApp;
				PRODUCT_NAME = "$(TARGET_NAME)";
				SUPPORTED_PLATFORMS = "iphoneos iphonesimulator";
				SUPPORTS_MACCATALYST = NO;
				SUPPORTS_XR_DESIGNED_FOR_IPHONE_IPAD = NO;
				SWIFT_EMIT_LOC_STRINGS = YES;
				SWIFT_VERSION = 5.0;
				TARGETED_DEVICE_FAMILY = 2;
			};
			name = Debug;
		};
		D91F90D22C0A6893009F7306 /* Release */ = {
			isa = XCBuildConfiguration;
			buildSettings = {
				ASSETCATALOG_COMPILER_APPICON_NAME = AppIcon;
				ASSETCATALOG_COMPILER_GLOBAL_ACCENT_COLOR_NAME = AccentColor;
				CODE_SIGN_STYLE = Automatic;
				CURRENT_PROJECT_VERSION = 1;
				DEVELOPMENT_ASSET_PATHS = "\"Fizzix/Preview Content\"";
				DEVELOPMENT_TEAM = M542AQBJC5;
				ENABLE_PREVIEWS = YES;
				GENERATE_INFOPLIST_FILE = YES;
				INFOPLIST_KEY_CFBundleDisplayName = Fizzix;
				INFOPLIST_KEY_LSApplicationCategoryType = "public.app-category.education";
				INFOPLIST_KEY_UIApplicationSceneManifest_Generation = YES;
				INFOPLIST_KEY_UIApplicationSupportsIndirectInputEvents = YES;
				INFOPLIST_KEY_UILaunchScreen_Generation = YES;
				INFOPLIST_KEY_UISupportedInterfaceOrientations = "UIInterfaceOrientationLandscapeLeft UIInterfaceOrientationLandscapeRight UIInterfaceOrientationPortraitUpsideDown UIInterfaceOrientationPortrait";
				INFOPLIST_KEY_UISupportedInterfaceOrientations_iPad = "UIInterfaceOrientationLandscapeLeft UIInterfaceOrientationLandscapeRight UIInterfaceOrientationPortrait UIInterfaceOrientationPortraitUpsideDown";
				LD_RUNPATH_SEARCH_PATHS = (
					"$(inherited)",
					"@executable_path/Frameworks",
				);
				MARKETING_VERSION = 1.0;
				PRODUCT_BUNDLE_IDENTIFIER = com.shauryagupta.FizzixApp;
				PRODUCT_NAME = "$(TARGET_NAME)";
				SUPPORTED_PLATFORMS = "iphoneos iphonesimulator";
				SUPPORTS_MACCATALYST = NO;
				SUPPORTS_XR_DESIGNED_FOR_IPHONE_IPAD = NO;
				SWIFT_EMIT_LOC_STRINGS = YES;
				SWIFT_VERSION = 5.0;
				TARGETED_DEVICE_FAMILY = 2;
			};
			name = Release;
		};
/* End XCBuildConfiguration section */

/* Begin XCConfigurationList section */
		D91F90BD2C0A6891009F7306 /* Build configuration list for PBXProject "Fizzix" */ = {
			isa = XCConfigurationList;
			buildConfigurations = (
				D91F90CE2C0A6893009F7306 /* Debug */,
				D91F90CF2C0A6893009F7306 /* Release */,
			);
			defaultConfigurationIsVisible = 0;
			defaultConfigurationName = Release;
		};
		D91F90D02C0A6893009F7306 /* Build configuration list for PBXNativeTarget "Fizzix" */ = {
			isa = XCConfigurationList;
			buildConfigurations = (
				D91F90D12C0A6893009F7306 /* Debug */,
				D91F90D22C0A6893009F7306 /* Release */,
			);
			defaultConfigurationIsVisible = 0;
			defaultConfigurationName = Release;
		};
/* End XCConfigurationList section */
	};
	rootObject = D91F90BA2C0A6891009F7306 /* Project object */;
}
